<?xml version="1.0" encoding="utf-8"?>
<Project ToolsVersion="4.0" xmlns="http://schemas.microsoft.com/developer/msbuild/2003">
  <ItemGroup>
    <Filter Include="Source Files">
      <UniqueIdentifier>{4FC737F1-C7A5-4376-A066-2A32D752A2FF}</UniqueIdentifier>
      <Extensions>cpp;c;cc;cxx;def;odl;idl;hpj;bat;asm;asmx</Extensions>
    </Filter>
    <Filter Include="Box2D">
      <UniqueIdentifier>{95ba31f3-904e-4716-a404-45a82f8bc7dd}</UniqueIdentifier>
    </Filter>
    <Filter Include="LUA">
      <UniqueIdentifier>{1d4edfda-005b-40cf-88ae-c1348d3ddb9d}</UniqueIdentifier>
    </Filter>
    <Filter Include="Resources">
      <UniqueIdentifier>{3041c7d5-e6a0-4b2f-81e3-cc5bc3542a15}</UniqueIdentifier>
    </Filter>
    <Filter Include="Source Files\hud">
      <UniqueIdentifier>{7dd8dedf-57f9-4b4c-97a5-ac213f68eca9}</UniqueIdentifier>
    </Filter>
    <Filter Include="Source Files\actors">
      <UniqueIdentifier>{c930ed4b-e862-464f-996e-89aaca1780b2}</UniqueIdentifier>
    </Filter>
    <Filter Include="Source Files\game management">
      <UniqueIdentifier>{91068f1e-e4b9-4f50-97e7-63d356d13032}</UniqueIdentifier>
    </Filter>
    <Filter Include="Source Files\scenes">
      <UniqueIdentifier>{323abc14-b401-4fe0-897f-eac28cdfe879}</UniqueIdentifier>
    </Filter>
    <Filter Include="Source Files\utilities">
      <UniqueIdentifier>{09d8d4fb-f937-40a5-a1f0-d989031f1248}</UniqueIdentifier>
    </Filter>
    <Filter Include="Source Files\particles">
      <UniqueIdentifier>{89f9327f-4ec7-44e2-92db-d98913c5e7f2}</UniqueIdentifier>
    </Filter>
    <Filter Include="Source Files\events">
      <UniqueIdentifier>{de6d241b-2896-4cd5-9b65-80c0053f03ae}</UniqueIdentifier>
    </Filter>
    <Filter Include="Source Files\master actors">
      <UniqueIdentifier>{b3f8bcc4-3c4b-4abf-841c-391f7aa463fb}</UniqueIdentifier>
    </Filter>
    <Filter Include="Source Files\sprite and font resources">
      <UniqueIdentifier>{30a362c8-2014-495d-b487-71eb79bad7cd}</UniqueIdentifier>
    </Filter>
  </ItemGroup>
  <ItemGroup>
    <ClCompile Include="..\src\blastemitter.cpp">
      <Filter>Source Files\particles</Filter>
    </ClCompile>
    <ClCompile Include="..\src\blastparticle.cpp">
      <Filter>Source Files\particles</Filter>
    </ClCompile>
    <ClCompile Include="..\src\flameemitter.cpp">
      <Filter>Source Files\particles</Filter>
    </ClCompile>
    <ClCompile Include="..\src\flameparticle.cpp">
      <Filter>Source Files\particles</Filter>
    </ClCompile>
    <ClCompile Include="..\src\smokeparticle.cpp">
      <Filter>Source Files\particles</Filter>
    </ClCompile>
    <ClCompile Include="..\src\reentryflameparticle.cpp">
      <Filter>Source Files\particles</Filter>
    </ClCompile>
    <ClCompile Include="..\src\reentryflameemitter.cpp">
      <Filter>Source Files\particles</Filter>
    </ClCompile>
    <ClCompile Include="..\src\flamesmokeparticle.cpp">
      <Filter>Source Files\particles</Filter>
    </ClCompile>
    <ClCompile Include="..\..\..\Box2D\Box2D\Common\b2BlockAllocator.cpp">
      <Filter>Box2D</Filter>
    </ClCompile>
    <ClCompile Include="..\..\..\Box2D\Box2D\Dynamics\b2Body.cpp">
      <Filter>Box2D</Filter>
    </ClCompile>
    <ClCompile Include="..\..\..\Box2D\Box2D\Collision\b2BroadPhase.cpp">
      <Filter>Box2D</Filter>
    </ClCompile>
    <ClCompile Include="..\..\..\Box2D\Box2D\Dynamics\Contacts\b2ChainAndCircleContact.cpp">
      <Filter>Box2D</Filter>
    </ClCompile>
    <ClCompile Include="..\..\..\Box2D\Box2D\Dynamics\Contacts\b2ChainAndPolygonContact.cpp">
      <Filter>Box2D</Filter>
    </ClCompile>
    <ClCompile Include="..\..\..\Box2D\Box2D\Collision\Shapes\b2ChainShape.cpp">
      <Filter>Box2D</Filter>
    </ClCompile>
    <ClCompile Include="..\..\..\Box2D\Box2D\Dynamics\Contacts\b2CircleContact.cpp">
      <Filter>Box2D</Filter>
    </ClCompile>
    <ClCompile Include="..\..\..\Box2D\Box2D\Collision\Shapes\b2CircleShape.cpp">
      <Filter>Box2D</Filter>
    </ClCompile>
    <ClCompile Include="..\..\..\Box2D\Box2D\Collision\b2CollideCircle.cpp">
      <Filter>Box2D</Filter>
    </ClCompile>
    <ClCompile Include="..\..\..\Box2D\Box2D\Collision\b2CollideEdge.cpp">
      <Filter>Box2D</Filter>
    </ClCompile>
    <ClCompile Include="..\..\..\Box2D\Box2D\Collision\b2CollidePolygon.cpp">
      <Filter>Box2D</Filter>
    </ClCompile>
    <ClCompile Include="..\..\..\Box2D\Box2D\Collision\b2Collision.cpp">
      <Filter>Box2D</Filter>
    </ClCompile>
    <ClCompile Include="..\..\..\Box2D\Box2D\Dynamics\Contacts\b2Contact.cpp">
      <Filter>Box2D</Filter>
    </ClCompile>
    <ClCompile Include="..\..\..\Box2D\Box2D\Dynamics\b2ContactManager.cpp">
      <Filter>Box2D</Filter>
    </ClCompile>
    <ClCompile Include="..\..\..\Box2D\Box2D\Dynamics\Contacts\b2ContactSolver.cpp">
      <Filter>Box2D</Filter>
    </ClCompile>
    <ClCompile Include="..\..\..\Box2D\Box2D\Collision\b2Distance.cpp">
      <Filter>Box2D</Filter>
    </ClCompile>
    <ClCompile Include="..\..\..\Box2D\Box2D\Dynamics\Joints\b2DistanceJoint.cpp">
      <Filter>Box2D</Filter>
    </ClCompile>
    <ClCompile Include="..\..\..\Box2D\Box2D\Common\b2Draw.cpp">
      <Filter>Box2D</Filter>
    </ClCompile>
    <ClCompile Include="..\..\..\Box2D\Box2D\Collision\b2DynamicTree.cpp">
      <Filter>Box2D</Filter>
    </ClCompile>
    <ClCompile Include="..\..\..\Box2D\Box2D\Dynamics\Contacts\b2EdgeAndCircleContact.cpp">
      <Filter>Box2D</Filter>
    </ClCompile>
    <ClCompile Include="..\..\..\Box2D\Box2D\Dynamics\Contacts\b2EdgeAndPolygonContact.cpp">
      <Filter>Box2D</Filter>
    </ClCompile>
    <ClCompile Include="..\..\..\Box2D\Box2D\Collision\Shapes\b2EdgeShape.cpp">
      <Filter>Box2D</Filter>
    </ClCompile>
    <ClCompile Include="..\..\..\Box2D\Box2D\Dynamics\b2Fixture.cpp">
      <Filter>Box2D</Filter>
    </ClCompile>
    <ClCompile Include="..\..\..\Box2D\Box2D\Dynamics\Joints\b2FrictionJoint.cpp">
      <Filter>Box2D</Filter>
    </ClCompile>
    <ClCompile Include="..\..\..\Box2D\Box2D\Dynamics\Joints\b2GearJoint.cpp">
      <Filter>Box2D</Filter>
    </ClCompile>
    <ClCompile Include="..\..\..\Box2D\Box2D\Dynamics\b2Island.cpp">
      <Filter>Box2D</Filter>
    </ClCompile>
    <ClCompile Include="..\..\..\Box2D\Box2D\Dynamics\Joints\b2Joint.cpp">
      <Filter>Box2D</Filter>
    </ClCompile>
    <ClCompile Include="..\..\..\Box2D\Box2D\Common\b2Math.cpp">
      <Filter>Box2D</Filter>
    </ClCompile>
    <ClCompile Include="..\..\..\Box2D\Box2D\Dynamics\Joints\b2MotorJoint.cpp">
      <Filter>Box2D</Filter>
    </ClCompile>
    <ClCompile Include="..\..\..\Box2D\Box2D\Dynamics\Joints\b2MouseJoint.cpp">
      <Filter>Box2D</Filter>
    </ClCompile>
    <ClCompile Include="..\..\..\Box2D\Box2D\Dynamics\Contacts\b2PolygonAndCircleContact.cpp">
      <Filter>Box2D</Filter>
    </ClCompile>
    <ClCompile Include="..\..\..\Box2D\Box2D\Dynamics\Contacts\b2PolygonContact.cpp">
      <Filter>Box2D</Filter>
    </ClCompile>
    <ClCompile Include="..\..\..\Box2D\Box2D\Collision\Shapes\b2PolygonShape.cpp">
      <Filter>Box2D</Filter>
    </ClCompile>
    <ClCompile Include="..\..\..\Box2D\Box2D\Dynamics\Joints\b2PrismaticJoint.cpp">
      <Filter>Box2D</Filter>
    </ClCompile>
    <ClCompile Include="..\..\..\Box2D\Box2D\Dynamics\Joints\b2PulleyJoint.cpp">
      <Filter>Box2D</Filter>
    </ClCompile>
    <ClCompile Include="..\..\..\Box2D\Box2D\Dynamics\Joints\b2RevoluteJoint.cpp">
      <Filter>Box2D</Filter>
    </ClCompile>
    <ClCompile Include="..\..\..\Box2D\Box2D\Rope\b2Rope.cpp">
      <Filter>Box2D</Filter>
    </ClCompile>
    <ClCompile Include="..\..\..\Box2D\Box2D\Dynamics\Joints\b2RopeJoint.cpp">
      <Filter>Box2D</Filter>
    </ClCompile>
    <ClCompile Include="..\..\..\Box2D\Box2D\Common\b2Settings.cpp">
      <Filter>Box2D</Filter>
    </ClCompile>
    <ClCompile Include="..\..\..\Box2D\Box2D\Common\b2StackAllocator.cpp">
      <Filter>Box2D</Filter>
    </ClCompile>
    <ClCompile Include="..\..\..\Box2D\Box2D\Collision\b2TimeOfImpact.cpp">
      <Filter>Box2D</Filter>
    </ClCompile>
    <ClCompile Include="..\..\..\Box2D\Box2D\Common\b2Timer.cpp">
      <Filter>Box2D</Filter>
    </ClCompile>
    <ClCompile Include="..\..\..\Box2D\Box2D\Dynamics\Joints\b2WeldJoint.cpp">
      <Filter>Box2D</Filter>
    </ClCompile>
    <ClCompile Include="..\..\..\Box2D\Box2D\Dynamics\Joints\b2WheelJoint.cpp">
      <Filter>Box2D</Filter>
    </ClCompile>
    <ClCompile Include="..\..\..\Box2D\Box2D\Dynamics\b2World.cpp">
      <Filter>Box2D</Filter>
    </ClCompile>
    <ClCompile Include="..\..\..\Box2D\Box2D\Dynamics\b2WorldCallbacks.cpp">
      <Filter>Box2D</Filter>
    </ClCompile>
    <ClCompile Include="..\..\..\lua\lapi.c">
      <Filter>LUA</Filter>
    </ClCompile>
    <ClCompile Include="..\..\..\lua\lauxlib.c">
      <Filter>LUA</Filter>
    </ClCompile>
    <ClCompile Include="..\..\..\lua\lbaselib.c">
      <Filter>LUA</Filter>
    </ClCompile>
    <ClCompile Include="..\..\..\lua\lcode.c">
      <Filter>LUA</Filter>
    </ClCompile>
    <ClCompile Include="..\..\..\lua\lcorolib.c">
      <Filter>LUA</Filter>
    </ClCompile>
    <ClCompile Include="..\..\..\lua\lctype.c">
      <Filter>LUA</Filter>
    </ClCompile>
    <ClCompile Include="..\..\..\lua\ldblib.c">
      <Filter>LUA</Filter>
    </ClCompile>
    <ClCompile Include="..\..\..\lua\ldebug.c">
      <Filter>LUA</Filter>
    </ClCompile>
    <ClCompile Include="..\..\..\lua\ldo.c">
      <Filter>LUA</Filter>
    </ClCompile>
    <ClCompile Include="..\..\..\lua\ldump.c">
      <Filter>LUA</Filter>
    </ClCompile>
    <ClCompile Include="..\..\..\lua\lfunc.c">
      <Filter>LUA</Filter>
    </ClCompile>
    <ClCompile Include="..\..\..\lua\lgc.c">
      <Filter>LUA</Filter>
    </ClCompile>
    <ClCompile Include="..\..\..\lua\linit.c">
      <Filter>LUA</Filter>
    </ClCompile>
    <ClCompile Include="..\..\..\lua\liolib.c">
      <Filter>LUA</Filter>
    </ClCompile>
    <ClCompile Include="..\..\..\lua\llex.c">
      <Filter>LUA</Filter>
    </ClCompile>
    <ClCompile Include="..\..\..\lua\lmathlib.c">
      <Filter>LUA</Filter>
    </ClCompile>
    <ClCompile Include="..\..\..\lua\lmem.c">
      <Filter>LUA</Filter>
    </ClCompile>
    <ClCompile Include="..\..\..\lua\loadlib.c">
      <Filter>LUA</Filter>
    </ClCompile>
    <ClCompile Include="..\..\..\lua\lobject.c">
      <Filter>LUA</Filter>
    </ClCompile>
    <ClCompile Include="..\..\..\lua\lopcodes.c">
      <Filter>LUA</Filter>
    </ClCompile>
    <ClCompile Include="..\..\..\lua\loslib.c">
      <Filter>LUA</Filter>
    </ClCompile>
    <ClCompile Include="..\..\..\lua\lparser.c">
      <Filter>LUA</Filter>
    </ClCompile>
    <ClCompile Include="..\..\..\lua\lstate.c">
      <Filter>LUA</Filter>
    </ClCompile>
    <ClCompile Include="..\..\..\lua\lstring.c">
      <Filter>LUA</Filter>
    </ClCompile>
    <ClCompile Include="..\..\..\lua\lstrlib.c">
      <Filter>LUA</Filter>
    </ClCompile>
    <ClCompile Include="..\..\..\lua\ltable.c">
      <Filter>LUA</Filter>
    </ClCompile>
    <ClCompile Include="..\..\..\lua\ltablib.c">
      <Filter>LUA</Filter>
    </ClCompile>
    <ClCompile Include="..\..\..\lua\ltests.c">
      <Filter>LUA</Filter>
    </ClCompile>
    <ClCompile Include="..\..\..\lua\ltm.c">
      <Filter>LUA</Filter>
    </ClCompile>
    <ClCompile Include="..\..\..\lua\lundump.c">
      <Filter>LUA</Filter>
    </ClCompile>
    <ClCompile Include="..\..\..\lua\lutf8lib.c">
      <Filter>LUA</Filter>
    </ClCompile>
    <ClCompile Include="..\..\..\lua\lvm.c">
      <Filter>LUA</Filter>
    </ClCompile>
    <ClCompile Include="..\..\..\lua\lzio.c">
      <Filter>LUA</Filter>
    </ClCompile>
    <ClCompile Include="..\src\breakableobject.cpp">
      <Filter>Source Files\actors</Filter>
    </ClCompile>
    <ClCompile Include="..\src\bullet.cpp">
      <Filter>Source Files\actors</Filter>
    </ClCompile>
    <ClCompile Include="..\src\explosiveobject.cpp">
      <Filter>Source Files\actors</Filter>
    </ClCompile>
    <ClCompile Include="..\src\gun.cpp">
      <Filter>Source Files\actors</Filter>
    </ClCompile>
    <ClCompile Include="..\src\landingpad.cpp">
      <Filter>Source Files\actors</Filter>
    </ClCompile>
    <ClCompile Include="..\src\launchsite.cpp">
      <Filter>Source Files\actors</Filter>
    </ClCompile>
    <ClCompile Include="..\src\leapfrog.cpp">
      <Filter>Source Files\actors</Filter>
    </ClCompile>
    <ClCompile Include="..\src\magneticmine.cpp">
      <Filter>Source Files\actors</Filter>
    </ClCompile>
    <ClCompile Include="..\src\objectfactory.cpp">
      <Filter>Source Files\actors</Filter>
    </ClCompile>
    <ClCompile Include="..\src\pickupobject.cpp">
      <Filter>Source Files\actors</Filter>
    </ClCompile>
    <ClCompile Include="..\src\shield.cpp">
      <Filter>Source Files\actors</Filter>
    </ClCompile>
    <ClCompile Include="..\src\spawnobject.cpp">
      <Filter>Source Files\actors</Filter>
    </ClCompile>
    <ClCompile Include="..\src\steerableobject.cpp">
      <Filter>Source Files\actors</Filter>
    </ClCompile>
    <ClCompile Include="..\src\steeringmanager.cpp">
      <Filter>Source Files\actors</Filter>
    </ClCompile>
    <ClCompile Include="..\src\system.cpp">
      <Filter>Source Files\actors</Filter>
    </ClCompile>
    <ClCompile Include="..\src\headdowndisplay.cpp">
      <Filter>Source Files\hud</Filter>
    </ClCompile>
    <ClCompile Include="..\src\messagedisplay.cpp">
      <Filter>Source Files\hud</Filter>
    </ClCompile>
    <ClCompile Include="..\src\statusbar.cpp">
      <Filter>Source Files\hud</Filter>
    </ClCompile>
    <ClCompile Include="..\src\freespaceactor.cpp">
      <Filter>Source Files\scenes</Filter>
    </ClCompile>
    <ClCompile Include="..\src\freespacecontactlistener.cpp">
      <Filter>Source Files\scenes</Filter>
    </ClCompile>
    <ClCompile Include="..\src\orbitscene.cpp">
      <Filter>Source Files\scenes</Filter>
    </ClCompile>
    <ClCompile Include="..\src\orbitspacescene.cpp">
      <Filter>Source Files\scenes</Filter>
    </ClCompile>
    <ClCompile Include="..\src\parallaxbackground.cpp">
      <Filter>Source Files\scenes</Filter>
    </ClCompile>
    <ClCompile Include="..\src\planetactor.cpp">
      <Filter>Source Files\scenes</Filter>
    </ClCompile>
    <ClCompile Include="..\src\softboundary.cpp">
      <Filter>Source Files\scenes</Filter>
    </ClCompile>
    <ClCompile Include="..\src\gamestatus.cpp">
      <Filter>Source Files\game management</Filter>
    </ClCompile>
    <ClCompile Include="..\src\luainterface.cpp">
      <Filter>Source Files\game management</Filter>
    </ClCompile>
    <ClCompile Include="..\src\groupindexsource.cpp">
      <Filter>Source Files\utilities</Filter>
    </ClCompile>
    <ClCompile Include="..\src\layout.cpp">
      <Filter>Source Files\utilities</Filter>
    </ClCompile>
    <ClCompile Include="..\src\objectproperty.cpp">
      <Filter>Source Files\utilities</Filter>
    </ClCompile>
    <ClCompile Include="..\src\objectresources.cpp">
      <Filter>Source Files\utilities</Filter>
    </ClCompile>
    <ClCompile Include="..\src\physdispconvert.cpp">
      <Filter>Source Files\utilities</Filter>
    </ClCompile>
    <ClCompile Include="..\src\polygonvertices.cpp">
      <Filter>Source Files\utilities</Filter>
    </ClCompile>
    <ClCompile Include="..\src\scales.cpp">
      <Filter>Source Files\utilities</Filter>
    </ClCompile>
    <ClCompile Include="..\src\landercontactlistener.cpp">
      <Filter>Source Files\scenes</Filter>
    </ClCompile>
    <ClCompile Include="..\src\marker.cpp">
      <Filter>Source Files\utilities</Filter>
    </ClCompile>
    <ClCompile Include="..\src\Box2DDebugDraw.cpp">
      <Filter>Source Files\utilities</Filter>
    </ClCompile>
    <ClCompile Include="..\src\orbitwindow.cpp">
      <Filter>Source Files\scenes</Filter>
    </ClCompile>
    <ClCompile Include="..\src\main.cpp">
      <Filter>Source Files</Filter>
    </ClCompile>
    <ClCompile Include="..\src\mainactor.cpp">
      <Filter>Source Files\master actors</Filter>
    </ClCompile>
    <ClCompile Include="..\src\sceneactor.cpp">
      <Filter>Source Files\master actors</Filter>
    </ClCompile>
    <ClCompile Include="..\src\menuactor.cpp">
      <Filter>Source Files\hud</Filter>
    </ClCompile>
    <ClCompile Include="..\src\buttondisplay.cpp">
      <Filter>Source Files\hud</Filter>
    </ClCompile>
    <ClCompile Include="..\src\headupdisplay.cpp">
      <Filter>Source Files\hud</Filter>
    </ClCompile>
    <ClCompile Include="..\src\landingactor.cpp">
      <Filter>Source Files\scenes</Filter>
    </ClCompile>
    <ClCompile Include="..\src\compoundobject.cpp">
      <Filter>Source Files\master actors</Filter>
    </ClCompile>
    <ClCompile Include="..\src\graphicresources.cpp">
      <Filter>Source Files\sprite and font resources</Filter>
    </ClCompile>
  </ItemGroup>
  <ItemGroup>
    <ClInclude Include="..\src\blastparticle.h">
      <Filter>Source Files\particles</Filter>
    </ClInclude>
    <ClInclude Include="..\src\blastemitter.h">
      <Filter>Source Files\particles</Filter>
    </ClInclude>
    <ClInclude Include="..\src\flameemitter.h">
      <Filter>Source Files\particles</Filter>
    </ClInclude>
    <ClInclude Include="..\src\flameparticle.h">
      <Filter>Source Files\particles</Filter>
    </ClInclude>
    <ClInclude Include="..\src\smokeparticle.h">
      <Filter>Source Files\particles</Filter>
    </ClInclude>
    <ClInclude Include="..\src\reentryflameparticle.h">
      <Filter>Source Files\particles</Filter>
    </ClInclude>
    <ClInclude Include="..\src\reentryflameemitter.h">
      <Filter>Source Files\particles</Filter>
    </ClInclude>
    <ClInclude Include="..\src\flamesmokeparticle.h">
      <Filter>Source Files\particles</Filter>
    </ClInclude>
    <ClInclude Include="..\..\..\Box2D\Box2D\Common\b2BlockAllocator.h">
      <Filter>Box2D</Filter>
    </ClInclude>
    <ClInclude Include="..\..\..\Box2D\Box2D\Dynamics\b2Body.h">
      <Filter>Box2D</Filter>
    </ClInclude>
    <ClInclude Include="..\..\..\Box2D\Box2D\Collision\b2BroadPhase.h">
      <Filter>Box2D</Filter>
    </ClInclude>
    <ClInclude Include="..\..\..\Box2D\Box2D\Dynamics\Contacts\b2ChainAndCircleContact.h">
      <Filter>Box2D</Filter>
    </ClInclude>
    <ClInclude Include="..\..\..\Box2D\Box2D\Dynamics\Contacts\b2ChainAndPolygonContact.h">
      <Filter>Box2D</Filter>
    </ClInclude>
    <ClInclude Include="..\..\..\Box2D\Box2D\Collision\Shapes\b2ChainShape.h">
      <Filter>Box2D</Filter>
    </ClInclude>
    <ClInclude Include="..\..\..\Box2D\Box2D\Dynamics\Contacts\b2CircleContact.h">
      <Filter>Box2D</Filter>
    </ClInclude>
    <ClInclude Include="..\..\..\Box2D\Box2D\Collision\Shapes\b2CircleShape.h">
      <Filter>Box2D</Filter>
    </ClInclude>
    <ClInclude Include="..\..\..\Box2D\Box2D\Collision\b2Collision.h">
      <Filter>Box2D</Filter>
    </ClInclude>
    <ClInclude Include="..\..\..\Box2D\Box2D\Dynamics\Contacts\b2Contact.h">
      <Filter>Box2D</Filter>
    </ClInclude>
    <ClInclude Include="..\..\..\Box2D\Box2D\Dynamics\b2ContactManager.h">
      <Filter>Box2D</Filter>
    </ClInclude>
    <ClInclude Include="..\..\..\Box2D\Box2D\Dynamics\Contacts\b2ContactSolver.h">
      <Filter>Box2D</Filter>
    </ClInclude>
    <ClInclude Include="..\..\..\Box2D\Box2D\Collision\b2Distance.h">
      <Filter>Box2D</Filter>
    </ClInclude>
    <ClInclude Include="..\..\..\Box2D\Box2D\Dynamics\Joints\b2DistanceJoint.h">
      <Filter>Box2D</Filter>
    </ClInclude>
    <ClInclude Include="..\..\..\Box2D\Box2D\Common\b2Draw.h">
      <Filter>Box2D</Filter>
    </ClInclude>
    <ClInclude Include="..\..\..\Box2D\Box2D\Collision\b2DynamicTree.h">
      <Filter>Box2D</Filter>
    </ClInclude>
    <ClInclude Include="..\..\..\Box2D\Box2D\Dynamics\Contacts\b2EdgeAndCircleContact.h">
      <Filter>Box2D</Filter>
    </ClInclude>
    <ClInclude Include="..\..\..\Box2D\Box2D\Dynamics\Contacts\b2EdgeAndPolygonContact.h">
      <Filter>Box2D</Filter>
    </ClInclude>
    <ClInclude Include="..\..\..\Box2D\Box2D\Collision\Shapes\b2EdgeShape.h">
      <Filter>Box2D</Filter>
    </ClInclude>
    <ClInclude Include="..\..\..\Box2D\Box2D\Dynamics\b2Fixture.h">
      <Filter>Box2D</Filter>
    </ClInclude>
    <ClInclude Include="..\..\..\Box2D\Box2D\Dynamics\Joints\b2FrictionJoint.h">
      <Filter>Box2D</Filter>
    </ClInclude>
    <ClInclude Include="..\..\..\Box2D\Box2D\Dynamics\Joints\b2GearJoint.h">
      <Filter>Box2D</Filter>
    </ClInclude>
    <ClInclude Include="..\..\..\Box2D\Box2D\Common\b2GrowableStack.h">
      <Filter>Box2D</Filter>
    </ClInclude>
    <ClInclude Include="..\..\..\Box2D\Box2D\Dynamics\b2Island.h">
      <Filter>Box2D</Filter>
    </ClInclude>
    <ClInclude Include="..\..\..\Box2D\Box2D\Dynamics\Joints\b2Joint.h">
      <Filter>Box2D</Filter>
    </ClInclude>
    <ClInclude Include="..\..\..\Box2D\Box2D\Common\b2Math.h">
      <Filter>Box2D</Filter>
    </ClInclude>
    <ClInclude Include="..\..\..\Box2D\Box2D\Dynamics\Joints\b2MotorJoint.h">
      <Filter>Box2D</Filter>
    </ClInclude>
    <ClInclude Include="..\..\..\Box2D\Box2D\Dynamics\Joints\b2MouseJoint.h">
      <Filter>Box2D</Filter>
    </ClInclude>
    <ClInclude Include="..\..\..\Box2D\Box2D\Dynamics\Contacts\b2PolygonAndCircleContact.h">
      <Filter>Box2D</Filter>
    </ClInclude>
    <ClInclude Include="..\..\..\Box2D\Box2D\Dynamics\Contacts\b2PolygonContact.h">
      <Filter>Box2D</Filter>
    </ClInclude>
    <ClInclude Include="..\..\..\Box2D\Box2D\Collision\Shapes\b2PolygonShape.h">
      <Filter>Box2D</Filter>
    </ClInclude>
    <ClInclude Include="..\..\..\Box2D\Box2D\Dynamics\Joints\b2PrismaticJoint.h">
      <Filter>Box2D</Filter>
    </ClInclude>
    <ClInclude Include="..\..\..\Box2D\Box2D\Dynamics\Joints\b2PulleyJoint.h">
      <Filter>Box2D</Filter>
    </ClInclude>
    <ClInclude Include="..\..\..\Box2D\Box2D\Dynamics\Joints\b2RevoluteJoint.h">
      <Filter>Box2D</Filter>
    </ClInclude>
    <ClInclude Include="..\..\..\Box2D\Box2D\Rope\b2Rope.h">
      <Filter>Box2D</Filter>
    </ClInclude>
    <ClInclude Include="..\..\..\Box2D\Box2D\Dynamics\Joints\b2RopeJoint.h">
      <Filter>Box2D</Filter>
    </ClInclude>
    <ClInclude Include="..\..\..\Box2D\Box2D\Common\b2Settings.h">
      <Filter>Box2D</Filter>
    </ClInclude>
    <ClInclude Include="..\..\..\Box2D\Box2D\Collision\Shapes\b2Shape.h">
      <Filter>Box2D</Filter>
    </ClInclude>
    <ClInclude Include="..\..\..\Box2D\Box2D\Common\b2StackAllocator.h">
      <Filter>Box2D</Filter>
    </ClInclude>
    <ClInclude Include="..\..\..\Box2D\Box2D\Collision\b2TimeOfImpact.h">
      <Filter>Box2D</Filter>
    </ClInclude>
    <ClInclude Include="..\..\..\Box2D\Box2D\Common\b2Timer.h">
      <Filter>Box2D</Filter>
    </ClInclude>
    <ClInclude Include="..\..\..\Box2D\Box2D\Dynamics\b2TimeStep.h">
      <Filter>Box2D</Filter>
    </ClInclude>
    <ClInclude Include="..\..\..\Box2D\Box2D\Dynamics\Joints\b2WeldJoint.h">
      <Filter>Box2D</Filter>
    </ClInclude>
    <ClInclude Include="..\..\..\Box2D\Box2D\Dynamics\Joints\b2WheelJoint.h">
      <Filter>Box2D</Filter>
    </ClInclude>
    <ClInclude Include="..\..\..\Box2D\Box2D\Dynamics\b2World.h">
      <Filter>Box2D</Filter>
    </ClInclude>
    <ClInclude Include="..\..\..\Box2D\Box2D\Dynamics\b2WorldCallbacks.h">
      <Filter>Box2D</Filter>
    </ClInclude>
    <ClInclude Include="..\..\..\Box2D\Box2D\Box2D.h">
      <Filter>Box2D</Filter>
    </ClInclude>
    <ClInclude Include="..\src\breakableobjectevents.h">
      <Filter>Source Files\events</Filter>
    </ClInclude>
    <ClInclude Include="..\src\compoundobjectevents.h">
      <Filter>Source Files\events</Filter>
    </ClInclude>
    <ClInclude Include="..\src\deepspacesceneevents.h">
      <Filter>Source Files\events</Filter>
    </ClInclude>
    <ClInclude Include="..\src\explosiveobjectevents.h">
      <Filter>Source Files\events</Filter>
    </ClInclude>
    <ClInclude Include="..\src\landingactorevents.h">
      <Filter>Source Files\events</Filter>
    </ClInclude>
    <ClInclude Include="..\src\landingpadevents.h">
      <Filter>Source Files\events</Filter>
    </ClInclude>
    <ClInclude Include="..\src\launchsiteevents.h">
      <Filter>Source Files\events</Filter>
    </ClInclude>
    <ClInclude Include="..\src\leapfrogevents.h">
      <Filter>Source Files\events</Filter>
    </ClInclude>
    <ClInclude Include="..\src\orbitsceneevents.h">
      <Filter>Source Files\events</Filter>
    </ClInclude>
    <ClInclude Include="..\src\orbitspacesceneevents.h">
      <Filter>Source Files\events</Filter>
    </ClInclude>
    <ClInclude Include="..\src\pickupobjectevents.h">
      <Filter>Source Files\events</Filter>
    </ClInclude>
    <ClInclude Include="..\src\sceneactorevents.h">
      <Filter>Source Files\events</Filter>
    </ClInclude>
    <ClInclude Include="..\src\objectpropertyevents.h">
      <Filter>Source Files\events</Filter>
    </ClInclude>
    <ClInclude Include="..\src\objectresourcesevents.h">
      <Filter>Source Files\events</Filter>
    </ClInclude>
    <ClInclude Include="..\src\headdowndisplay.h">
      <Filter>Source Files\hud</Filter>
    </ClInclude>
    <ClInclude Include="..\src\messagedisplay.h">
      <Filter>Source Files\hud</Filter>
    </ClInclude>
    <ClInclude Include="..\src\statusbar.h">
      <Filter>Source Files\hud</Filter>
    </ClInclude>
    <ClInclude Include="..\src\breakableobject.h">
      <Filter>Source Files\actors</Filter>
    </ClInclude>
    <ClInclude Include="..\src\bullet.h">
      <Filter>Source Files\actors</Filter>
    </ClInclude>
    <ClInclude Include="..\src\explosiveobject.h">
      <Filter>Source Files\actors</Filter>
    </ClInclude>
    <ClInclude Include="..\src\gun.h">
      <Filter>Source Files\actors</Filter>
    </ClInclude>
    <ClInclude Include="..\src\landingpad.h">
      <Filter>Source Files\actors</Filter>
    </ClInclude>
    <ClInclude Include="..\src\launchsite.h">
      <Filter>Source Files\actors</Filter>
    </ClInclude>
    <ClInclude Include="..\src\leapfrog.h">
      <Filter>Source Files\actors</Filter>
    </ClInclude>
    <ClInclude Include="..\src\magneticmine.h">
      <Filter>Source Files\actors</Filter>
    </ClInclude>
    <ClInclude Include="..\src\objectfactory.h">
      <Filter>Source Files\actors</Filter>
    </ClInclude>
    <ClInclude Include="..\src\pickupobject.h">
      <Filter>Source Files\actors</Filter>
    </ClInclude>
    <ClInclude Include="..\src\shield.h">
      <Filter>Source Files\actors</Filter>
    </ClInclude>
    <ClInclude Include="..\src\spawnobject.h">
      <Filter>Source Files\actors</Filter>
    </ClInclude>
    <ClInclude Include="..\src\steerableobject.h">
      <Filter>Source Files\actors</Filter>
    </ClInclude>
    <ClInclude Include="..\src\steeringmanager.h">
      <Filter>Source Files\actors</Filter>
    </ClInclude>
    <ClInclude Include="..\src\system.h">
      <Filter>Source Files\actors</Filter>
    </ClInclude>
    <ClInclude Include="..\src\gamestatus.h">
      <Filter>Source Files\game management</Filter>
    </ClInclude>
    <ClInclude Include="..\src\luainterface.h">
      <Filter>Source Files\game management</Filter>
    </ClInclude>
    <ClInclude Include="..\src\groupindexsource.h">
      <Filter>Source Files\utilities</Filter>
    </ClInclude>
    <ClInclude Include="..\src\layout.h">
      <Filter>Source Files\utilities</Filter>
    </ClInclude>
    <ClInclude Include="..\src\marker.h">
      <Filter>Source Files\utilities</Filter>
    </ClInclude>
    <ClInclude Include="..\src\objectproperty.h">
      <Filter>Source Files\utilities</Filter>
    </ClInclude>
    <ClInclude Include="..\src\objectresources.h">
      <Filter>Source Files\utilities</Filter>
    </ClInclude>
    <ClInclude Include="..\src\physdispconvert.h">
      <Filter>Source Files\utilities</Filter>
    </ClInclude>
    <ClInclude Include="..\src\polygonvertices.h">
      <Filter>Source Files\utilities</Filter>
    </ClInclude>
    <ClInclude Include="..\src\scales.h">
      <Filter>Source Files\utilities</Filter>
    </ClInclude>
    <ClInclude Include="..\src\actoruserdata.h">
      <Filter>Source Files\actors</Filter>
    </ClInclude>
    <ClInclude Include="..\src\bodyuserdata.h">
      <Filter>Source Files\actors</Filter>
    </ClInclude>
    <ClInclude Include="..\src\collisionentity.h">
      <Filter>Source Files\actors</Filter>
    </ClInclude>
    <ClInclude Include="..\src\freespaceactor.h">
      <Filter>Source Files\scenes</Filter>
    </ClInclude>
    <ClInclude Include="..\src\freespacecontactlistener.h">
      <Filter>Source Files\scenes</Filter>
    </ClInclude>
    <ClInclude Include="..\src\landercontactlistener.h">
      <Filter>Source Files\scenes</Filter>
    </ClInclude>
    <ClInclude Include="..\src\orbitscene.h">
      <Filter>Source Files\scenes</Filter>
    </ClInclude>
    <ClInclude Include="..\src\orbitspacescene.h">
      <Filter>Source Files\scenes</Filter>
    </ClInclude>
    <ClInclude Include="..\src\orbitwindow.h">
      <Filter>Source Files\scenes</Filter>
    </ClInclude>
    <ClInclude Include="..\src\parallaxbackground.h">
      <Filter>Source Files\scenes</Filter>
    </ClInclude>
    <ClInclude Include="..\src\planetactor.h">
      <Filter>Source Files\scenes</Filter>
    </ClInclude>
    <ClInclude Include="..\src\softboundary.h">
      <Filter>Source Files\scenes</Filter>
    </ClInclude>
    <ClInclude Include="..\src\steeringinterface.h">
      <Filter>Source Files\actors</Filter>
    </ClInclude>
    <ClInclude Include="..\src\lua.hpp">
      <Filter>Source Files\game management</Filter>
    </ClInclude>
    <ClInclude Include="resource.h">
      <Filter>Resources</Filter>
    </ClInclude>
    <ClInclude Include="resource1.h">
      <Filter>Resources</Filter>
    </ClInclude>
    <ClInclude Include="..\src\mainactor.h">
      <Filter>Source Files\master actors</Filter>
    </ClInclude>
    <ClInclude Include="..\src\sceneactor.h">
      <Filter>Source Files\master actors</Filter>
    </ClInclude>
    <ClInclude Include="..\src\menuactor.h">
      <Filter>Source Files\hud</Filter>
    </ClInclude>
    <ClInclude Include="..\src\buttondisplay.h">
      <Filter>Source Files\hud</Filter>
    </ClInclude>
    <ClInclude Include="..\src\headupdisplay.h">
      <Filter>Source Files\hud</Filter>
    </ClInclude>
    <ClInclude Include="..\src\landingactor.h">
      <Filter>Source Files\scenes</Filter>
    </ClInclude>
    <ClInclude Include="..\src\compoundobject.h">
      <Filter>Source Files\master actors</Filter>
    </ClInclude>
    <ClInclude Include="..\src\graphicresources.h">
      <Filter>Source Files\sprite and font resources</Filter>
    </ClInclude>
  </ItemGroup>
  <ItemGroup>
    <Image Include="leapfrog.ico">
      <Filter>Resources</Filter>
    </Image>
    <Image Include="icon2.ico" />
    <Image Include="icon1.ico" />
  </ItemGroup>
  <ItemGroup>
    <ResourceCompile Include="leapfrog1.rc">
      <Filter>Resources</Filter>
    </ResourceCompile>
  </ItemGroup>
</Project>