<?xml version="1.0" encoding="utf-8"?>
<Project ToolsVersion="4.0" xmlns="http://schemas.microsoft.com/developer/msbuild/2003">
  <ItemGroup>
    <Filter Include="Source Files">
      <UniqueIdentifier>{4FC737F1-C7A5-4376-A066-2A32D752A2FF}</UniqueIdentifier>
      <Extensions>cpp;c;cc;cxx;def;odl;idl;hpj;bat;asm;asmx</Extensions>
    </Filter>
    <Filter Include="Header Files">
      <UniqueIdentifier>{93995380-89BD-4b04-88EB-625FBE52EBFB}</UniqueIdentifier>
      <Extensions>h;hpp;hxx;hm;inl;inc;xsd</Extensions>
    </Filter>
    <Filter Include="Resource Files">
      <UniqueIdentifier>{67DA6AB6-F800-4c08-8B7A-83BB121AAD01}</UniqueIdentifier>
      <Extensions>rc;ico;cur;bmp;dlg;rc2;rct;bin;rgs;gif;jpg;jpeg;jpe;resx;tiff;tif;png;wav;mfcribbon-ms</Extensions>
    </Filter>
    <Filter Include="images">
      <UniqueIdentifier>{a917e880-8336-46eb-a660-18c0feed3416}</UniqueIdentifier>
    </Filter>
    <Filter Include="Source Files\Box2d">
      <UniqueIdentifier>{8917fcfc-6d74-4d01-9b1b-eb83ae5ca0b9}</UniqueIdentifier>
    </Filter>
    <Filter Include="Source Files\Box2d\Collision">
      <UniqueIdentifier>{721a6ea1-7674-4e3b-86e6-b737da981467}</UniqueIdentifier>
    </Filter>
    <Filter Include="Source Files\Box2d\Common">
      <UniqueIdentifier>{48a4ce0a-1f87-4364-94f8-3dc510b287d6}</UniqueIdentifier>
    </Filter>
    <Filter Include="Source Files\Box2d\Dynamics">
      <UniqueIdentifier>{170804b2-ae96-4f66-a522-045151868bc8}</UniqueIdentifier>
    </Filter>
    <Filter Include="Source Files\Box2d\Rope">
      <UniqueIdentifier>{0b246ec0-abc1-4136-9427-24ea5ca68178}</UniqueIdentifier>
    </Filter>
    <Filter Include="Source Files\Box2d\Collision\Shapes">
      <UniqueIdentifier>{4d30b724-bdf9-4735-9638-bd79409d0bf6}</UniqueIdentifier>
    </Filter>
    <Filter Include="Source Files\Box2d\Dynamics\Contacts">
      <UniqueIdentifier>{45321590-6c1a-4fbc-82bf-57bed1ebe1db}</UniqueIdentifier>
    </Filter>
    <Filter Include="Source Files\Box2d\Dynamics\Joints">
      <UniqueIdentifier>{0006bd68-da32-4d0a-b1eb-b386657cf082}</UniqueIdentifier>
    </Filter>
    <Filter Include="Particles">
      <UniqueIdentifier>{89f9327f-4ec7-44e2-92db-d98913c5e7f2}</UniqueIdentifier>
    </Filter>
  </ItemGroup>
  <ItemGroup>
    <ClCompile Include="..\src\main.cpp">
      <Filter>Source Files</Filter>
    </ClCompile>
    <ClCompile Include="..\..\Box2D\Box2D\Box2D\Collision\Shapes\b2ChainShape.cpp">
      <Filter>Source Files\Box2d\Collision\Shapes</Filter>
    </ClCompile>
    <ClCompile Include="..\..\Box2D\Box2D\Box2D\Collision\Shapes\b2CircleShape.cpp">
      <Filter>Source Files\Box2d\Collision\Shapes</Filter>
    </ClCompile>
    <ClCompile Include="..\..\Box2D\Box2D\Box2D\Collision\Shapes\b2EdgeShape.cpp">
      <Filter>Source Files\Box2d\Collision\Shapes</Filter>
    </ClCompile>
    <ClCompile Include="..\..\Box2D\Box2D\Box2D\Collision\Shapes\b2PolygonShape.cpp">
      <Filter>Source Files\Box2d\Collision\Shapes</Filter>
    </ClCompile>
    <ClCompile Include="..\..\Box2D\Box2D\Box2D\Collision\b2BroadPhase.cpp">
      <Filter>Source Files\Box2d\Collision</Filter>
    </ClCompile>
    <ClCompile Include="..\..\Box2D\Box2D\Box2D\Collision\b2CollideCircle.cpp">
      <Filter>Source Files\Box2d\Collision</Filter>
    </ClCompile>
    <ClCompile Include="..\..\Box2D\Box2D\Box2D\Collision\b2CollideEdge.cpp">
      <Filter>Source Files\Box2d\Collision</Filter>
    </ClCompile>
    <ClCompile Include="..\..\Box2D\Box2D\Box2D\Collision\b2CollidePolygon.cpp">
      <Filter>Source Files\Box2d\Collision</Filter>
    </ClCompile>
    <ClCompile Include="..\..\Box2D\Box2D\Box2D\Collision\b2Collision.cpp">
      <Filter>Source Files\Box2d\Collision</Filter>
    </ClCompile>
    <ClCompile Include="..\..\Box2D\Box2D\Box2D\Collision\b2Distance.cpp">
      <Filter>Source Files\Box2d\Collision</Filter>
    </ClCompile>
    <ClCompile Include="..\..\Box2D\Box2D\Box2D\Collision\b2DynamicTree.cpp">
      <Filter>Source Files\Box2d\Collision</Filter>
    </ClCompile>
    <ClCompile Include="..\..\Box2D\Box2D\Box2D\Collision\b2TimeOfImpact.cpp">
      <Filter>Source Files\Box2d\Collision</Filter>
    </ClCompile>
    <ClCompile Include="..\..\Box2D\Box2D\Box2D\Common\b2BlockAllocator.cpp">
      <Filter>Source Files\Box2d\Common</Filter>
    </ClCompile>
    <ClCompile Include="..\..\Box2D\Box2D\Box2D\Common\b2Draw.cpp">
      <Filter>Source Files\Box2d\Common</Filter>
    </ClCompile>
    <ClCompile Include="..\..\Box2D\Box2D\Box2D\Common\b2Math.cpp">
      <Filter>Source Files\Box2d\Common</Filter>
    </ClCompile>
    <ClCompile Include="..\..\Box2D\Box2D\Box2D\Common\b2Settings.cpp">
      <Filter>Source Files\Box2d\Common</Filter>
    </ClCompile>
    <ClCompile Include="..\..\Box2D\Box2D\Box2D\Common\b2StackAllocator.cpp">
      <Filter>Source Files\Box2d\Common</Filter>
    </ClCompile>
    <ClCompile Include="..\..\Box2D\Box2D\Box2D\Common\b2Timer.cpp">
      <Filter>Source Files\Box2d\Common</Filter>
    </ClCompile>
    <ClCompile Include="..\..\Box2D\Box2D\Box2D\Dynamics\Contacts\b2ChainAndCircleContact.cpp">
      <Filter>Source Files\Box2d\Dynamics\Contacts</Filter>
    </ClCompile>
    <ClCompile Include="..\..\Box2D\Box2D\Box2D\Dynamics\Contacts\b2ChainAndPolygonContact.cpp">
      <Filter>Source Files\Box2d\Dynamics\Contacts</Filter>
    </ClCompile>
    <ClCompile Include="..\..\Box2D\Box2D\Box2D\Dynamics\Contacts\b2CircleContact.cpp">
      <Filter>Source Files\Box2d\Dynamics\Contacts</Filter>
    </ClCompile>
    <ClCompile Include="..\..\Box2D\Box2D\Box2D\Dynamics\Contacts\b2Contact.cpp">
      <Filter>Source Files\Box2d\Dynamics\Contacts</Filter>
    </ClCompile>
    <ClCompile Include="..\..\Box2D\Box2D\Box2D\Dynamics\Contacts\b2ContactSolver.cpp">
      <Filter>Source Files\Box2d\Dynamics\Contacts</Filter>
    </ClCompile>
    <ClCompile Include="..\..\Box2D\Box2D\Box2D\Dynamics\Contacts\b2EdgeAndCircleContact.cpp">
      <Filter>Source Files\Box2d\Dynamics\Contacts</Filter>
    </ClCompile>
    <ClCompile Include="..\..\Box2D\Box2D\Box2D\Dynamics\Contacts\b2EdgeAndPolygonContact.cpp">
      <Filter>Source Files\Box2d\Dynamics\Contacts</Filter>
    </ClCompile>
    <ClCompile Include="..\..\Box2D\Box2D\Box2D\Dynamics\Contacts\b2PolygonAndCircleContact.cpp">
      <Filter>Source Files\Box2d\Dynamics\Contacts</Filter>
    </ClCompile>
    <ClCompile Include="..\..\Box2D\Box2D\Box2D\Dynamics\Contacts\b2PolygonContact.cpp">
      <Filter>Source Files\Box2d\Dynamics\Contacts</Filter>
    </ClCompile>
    <ClCompile Include="..\..\Box2D\Box2D\Box2D\Dynamics\Joints\b2DistanceJoint.cpp">
      <Filter>Source Files\Box2d\Dynamics\Joints</Filter>
    </ClCompile>
    <ClCompile Include="..\..\Box2D\Box2D\Box2D\Dynamics\Joints\b2FrictionJoint.cpp">
      <Filter>Source Files\Box2d\Dynamics\Joints</Filter>
    </ClCompile>
    <ClCompile Include="..\..\Box2D\Box2D\Box2D\Dynamics\Joints\b2GearJoint.cpp">
      <Filter>Source Files\Box2d\Dynamics\Joints</Filter>
    </ClCompile>
    <ClCompile Include="..\..\Box2D\Box2D\Box2D\Dynamics\Joints\b2Joint.cpp">
      <Filter>Source Files\Box2d\Dynamics\Joints</Filter>
    </ClCompile>
    <ClCompile Include="..\..\Box2D\Box2D\Box2D\Dynamics\Joints\b2MotorJoint.cpp">
      <Filter>Source Files\Box2d\Dynamics\Joints</Filter>
    </ClCompile>
    <ClCompile Include="..\..\Box2D\Box2D\Box2D\Dynamics\Joints\b2MouseJoint.cpp">
      <Filter>Source Files\Box2d\Dynamics\Joints</Filter>
    </ClCompile>
    <ClCompile Include="..\..\Box2D\Box2D\Box2D\Dynamics\Joints\b2PrismaticJoint.cpp">
      <Filter>Source Files\Box2d\Dynamics\Joints</Filter>
    </ClCompile>
    <ClCompile Include="..\..\Box2D\Box2D\Box2D\Dynamics\Joints\b2PulleyJoint.cpp">
      <Filter>Source Files\Box2d\Dynamics\Joints</Filter>
    </ClCompile>
    <ClCompile Include="..\..\Box2D\Box2D\Box2D\Dynamics\Joints\b2RevoluteJoint.cpp">
      <Filter>Source Files\Box2d\Dynamics\Joints</Filter>
    </ClCompile>
    <ClCompile Include="..\..\Box2D\Box2D\Box2D\Dynamics\Joints\b2RopeJoint.cpp">
      <Filter>Source Files\Box2d\Dynamics\Joints</Filter>
    </ClCompile>
    <ClCompile Include="..\..\Box2D\Box2D\Box2D\Dynamics\Joints\b2WeldJoint.cpp">
      <Filter>Source Files\Box2d\Dynamics\Joints</Filter>
    </ClCompile>
    <ClCompile Include="..\..\Box2D\Box2D\Box2D\Dynamics\Joints\b2WheelJoint.cpp">
      <Filter>Source Files\Box2d\Dynamics\Joints</Filter>
    </ClCompile>
    <ClCompile Include="..\..\Box2D\Box2D\Box2D\Dynamics\b2Body.cpp">
      <Filter>Source Files\Box2d\Dynamics</Filter>
    </ClCompile>
    <ClCompile Include="..\..\Box2D\Box2D\Box2D\Dynamics\b2ContactManager.cpp">
      <Filter>Source Files\Box2d\Dynamics</Filter>
    </ClCompile>
    <ClCompile Include="..\..\Box2D\Box2D\Box2D\Dynamics\b2Fixture.cpp">
      <Filter>Source Files\Box2d\Dynamics</Filter>
    </ClCompile>
    <ClCompile Include="..\..\Box2D\Box2D\Box2D\Dynamics\b2Island.cpp">
      <Filter>Source Files\Box2d\Dynamics</Filter>
    </ClCompile>
    <ClCompile Include="..\..\Box2D\Box2D\Box2D\Dynamics\b2World.cpp">
      <Filter>Source Files\Box2d\Dynamics</Filter>
    </ClCompile>
    <ClCompile Include="..\..\Box2D\Box2D\Box2D\Dynamics\b2WorldCallbacks.cpp">
      <Filter>Source Files\Box2d\Dynamics</Filter>
    </ClCompile>
    <ClCompile Include="..\..\Box2D\Box2D\Box2D\Rope\b2Rope.cpp">
      <Filter>Source Files\Box2d\Rope</Filter>
    </ClCompile>
    <ClCompile Include="..\src\Box2DDebugDraw.cpp">
      <Filter>Source Files</Filter>
    </ClCompile>
    <ClCompile Include="..\src\physdispconvert.cpp">
      <Filter>Source Files</Filter>
    </ClCompile>
    <ClCompile Include="..\src\scales.cpp">
      <Filter>Source Files</Filter>
    </ClCompile>
    <ClCompile Include="..\src\leapfrog.cpp">
      <Filter>Source Files</Filter>
    </ClCompile>
    <ClCompile Include="..\src\landingactor.cpp">
      <Filter>Source Files</Filter>
    </ClCompile>
    <ClCompile Include="..\src\mainactor.cpp">
      <Filter>Source Files</Filter>
    </ClCompile>
    <ClCompile Include="..\src\sceneactor.cpp">
      <Filter>Source Files</Filter>
    </ClCompile>
    <ClCompile Include="..\src\freespaceactor.cpp">
      <Filter>Source Files</Filter>
    </ClCompile>
    <ClCompile Include="..\src\softboundary.cpp">
      <Filter>Source Files</Filter>
    </ClCompile>
    <ClCompile Include="..\src\bullet.cpp">
      <Filter>Source Files</Filter>
    </ClCompile>
    <ClCompile Include="..\src\gun.cpp">
      <Filter>Source Files</Filter>
    </ClCompile>
    <ClCompile Include="..\src\freespacecontactlistener.cpp">
      <Filter>Source Files</Filter>
    </ClCompile>
    <ClCompile Include="..\src\shield.cpp">
      <Filter>Source Files</Filter>
    </ClCompile>
    <ClCompile Include="..\src\marker.cpp">
      <Filter>Source Files</Filter>
    </ClCompile>
    <ClCompile Include="..\src\planetactor.cpp">
      <Filter>Source Files</Filter>
    </ClCompile>
    <ClCompile Include="..\src\reentrysceneactor.cpp">
      <Filter>Source Files</Filter>
    </ClCompile>
    <ClCompile Include="..\src\blastemitter.cpp">
      <Filter>Particles</Filter>
    </ClCompile>
    <ClCompile Include="..\src\blastparticle.cpp">
      <Filter>Particles</Filter>
    </ClCompile>
    <ClCompile Include="..\src\flameemitter.cpp">
      <Filter>Particles</Filter>
    </ClCompile>
    <ClCompile Include="..\src\flameparticle.cpp">
      <Filter>Particles</Filter>
    </ClCompile>
    <ClCompile Include="..\src\smokeparticle.cpp">
      <Filter>Particles</Filter>
    </ClCompile>
    <ClCompile Include="..\src\reentryflameparticle.cpp">
      <Filter>Particles</Filter>
    </ClCompile>
    <ClCompile Include="..\src\reentryflameemitter.cpp">
      <Filter>Particles</Filter>
    </ClCompile>
    <ClCompile Include="..\src\compoundobject.cpp">
      <Filter>Source Files</Filter>
    </ClCompile>
    <ClCompile Include="..\src\polygonvertices.cpp">
      <Filter>Source Files</Filter>
    </ClCompile>
    <ClCompile Include="..\src\launchsite.cpp">
      <Filter>Source Files</Filter>
    </ClCompile>
    <ClCompile Include="..\src\landercontactlistener.cpp">
      <Filter>Source Files</Filter>
    </ClCompile>
    <ClCompile Include="..\src\landingpad.cpp">
      <Filter>Source Files</Filter>
    </ClCompile>
    <ClCompile Include="..\src\flamesmokeparticle.cpp">
      <Filter>Particles</Filter>
    </ClCompile>
    <ClCompile Include="..\src\orbitwindow.cpp">
      <Filter>Source Files</Filter>
    </ClCompile>
    <ClCompile Include="..\src\orbitscene.cpp">
      <Filter>Source Files</Filter>
    </ClCompile>
    <ClCompile Include="..\src\orbitspacescene.cpp">
      <Filter>Source Files</Filter>
    </ClCompile>
    <ClCompile Include="..\src\objectfactory.cpp">
      <Filter>Source Files</Filter>
    </ClCompile>
    <ClCompile Include="..\src\compoundinterface.cpp">
      <Filter>Source Files</Filter>
    </ClCompile>
    <ClCompile Include="..\src\layout.cpp">
      <Filter>Source Files</Filter>
    </ClCompile>
    <ClCompile Include="..\src\statusbar.cpp">
      <Filter>Source Files</Filter>
    </ClCompile>
    <ClCompile Include="..\src\gamestatus.cpp">
      <Filter>Source Files</Filter>
    </ClCompile>
    <ClCompile Include="..\src\steeringmanager.cpp">
      <Filter>Source Files</Filter>
    </ClCompile>
    <ClCompile Include="..\src\objectproperty.cpp">
      <Filter>Source Files</Filter>
    </ClCompile>
    <ClCompile Include="..\src\system.cpp">
      <Filter>Source Files</Filter>
    </ClCompile>
    <ClCompile Include="..\src\breakableobject.cpp">
      <Filter>Source Files</Filter>
    </ClCompile>
  </ItemGroup>
  <ItemGroup>
    <ClInclude Include="..\..\Box2D\Box2D\Box2D\Collision\Shapes\b2ChainShape.h">
      <Filter>Source Files\Box2d\Collision\Shapes</Filter>
    </ClInclude>
    <ClInclude Include="..\..\Box2D\Box2D\Box2D\Collision\Shapes\b2CircleShape.h">
      <Filter>Source Files\Box2d\Collision\Shapes</Filter>
    </ClInclude>
    <ClInclude Include="..\..\Box2D\Box2D\Box2D\Collision\Shapes\b2EdgeShape.h">
      <Filter>Source Files\Box2d\Collision\Shapes</Filter>
    </ClInclude>
    <ClInclude Include="..\..\Box2D\Box2D\Box2D\Collision\Shapes\b2PolygonShape.h">
      <Filter>Source Files\Box2d\Collision\Shapes</Filter>
    </ClInclude>
    <ClInclude Include="..\..\Box2D\Box2D\Box2D\Collision\Shapes\b2Shape.h">
      <Filter>Source Files\Box2d\Collision\Shapes</Filter>
    </ClInclude>
    <ClInclude Include="..\..\Box2D\Box2D\Box2D\Collision\b2BroadPhase.h">
      <Filter>Source Files\Box2d\Collision</Filter>
    </ClInclude>
    <ClInclude Include="..\..\Box2D\Box2D\Box2D\Collision\b2Collision.h">
      <Filter>Source Files\Box2d\Collision</Filter>
    </ClInclude>
    <ClInclude Include="..\..\Box2D\Box2D\Box2D\Collision\b2Distance.h">
      <Filter>Source Files\Box2d\Collision</Filter>
    </ClInclude>
    <ClInclude Include="..\..\Box2D\Box2D\Box2D\Collision\b2DynamicTree.h">
      <Filter>Source Files\Box2d\Collision</Filter>
    </ClInclude>
    <ClInclude Include="..\..\Box2D\Box2D\Box2D\Collision\b2TimeOfImpact.h">
      <Filter>Source Files\Box2d\Collision</Filter>
    </ClInclude>
    <ClInclude Include="..\..\Box2D\Box2D\Box2D\Common\b2BlockAllocator.h">
      <Filter>Source Files\Box2d\Common</Filter>
    </ClInclude>
    <ClInclude Include="..\..\Box2D\Box2D\Box2D\Common\b2Draw.h">
      <Filter>Source Files\Box2d\Common</Filter>
    </ClInclude>
    <ClInclude Include="..\..\Box2D\Box2D\Box2D\Common\b2GrowableStack.h">
      <Filter>Source Files\Box2d\Common</Filter>
    </ClInclude>
    <ClInclude Include="..\..\Box2D\Box2D\Box2D\Common\b2Math.h">
      <Filter>Source Files\Box2d\Common</Filter>
    </ClInclude>
    <ClInclude Include="..\..\Box2D\Box2D\Box2D\Common\b2Settings.h">
      <Filter>Source Files\Box2d\Common</Filter>
    </ClInclude>
    <ClInclude Include="..\..\Box2D\Box2D\Box2D\Common\b2StackAllocator.h">
      <Filter>Source Files\Box2d\Common</Filter>
    </ClInclude>
    <ClInclude Include="..\..\Box2D\Box2D\Box2D\Common\b2Timer.h">
      <Filter>Source Files\Box2d\Common</Filter>
    </ClInclude>
    <ClInclude Include="..\..\Box2D\Box2D\Box2D\Dynamics\Contacts\b2ChainAndCircleContact.h">
      <Filter>Source Files\Box2d\Dynamics\Contacts</Filter>
    </ClInclude>
    <ClInclude Include="..\..\Box2D\Box2D\Box2D\Dynamics\Contacts\b2ChainAndPolygonContact.h">
      <Filter>Source Files\Box2d\Dynamics\Contacts</Filter>
    </ClInclude>
    <ClInclude Include="..\..\Box2D\Box2D\Box2D\Dynamics\Contacts\b2CircleContact.h">
      <Filter>Source Files\Box2d\Dynamics\Contacts</Filter>
    </ClInclude>
    <ClInclude Include="..\..\Box2D\Box2D\Box2D\Dynamics\Contacts\b2Contact.h">
      <Filter>Source Files\Box2d\Dynamics\Contacts</Filter>
    </ClInclude>
    <ClInclude Include="..\..\Box2D\Box2D\Box2D\Dynamics\Contacts\b2ContactSolver.h">
      <Filter>Source Files\Box2d\Dynamics\Contacts</Filter>
    </ClInclude>
    <ClInclude Include="..\..\Box2D\Box2D\Box2D\Dynamics\Contacts\b2EdgeAndCircleContact.h">
      <Filter>Source Files\Box2d\Dynamics\Contacts</Filter>
    </ClInclude>
    <ClInclude Include="..\..\Box2D\Box2D\Box2D\Dynamics\Contacts\b2EdgeAndPolygonContact.h">
      <Filter>Source Files\Box2d\Dynamics\Contacts</Filter>
    </ClInclude>
    <ClInclude Include="..\..\Box2D\Box2D\Box2D\Dynamics\Contacts\b2PolygonAndCircleContact.h">
      <Filter>Source Files\Box2d\Dynamics\Contacts</Filter>
    </ClInclude>
    <ClInclude Include="..\..\Box2D\Box2D\Box2D\Dynamics\Contacts\b2PolygonContact.h">
      <Filter>Source Files\Box2d\Dynamics\Contacts</Filter>
    </ClInclude>
    <ClInclude Include="..\..\Box2D\Box2D\Box2D\Dynamics\Joints\b2DistanceJoint.h">
      <Filter>Source Files\Box2d\Dynamics\Joints</Filter>
    </ClInclude>
    <ClInclude Include="..\..\Box2D\Box2D\Box2D\Dynamics\Joints\b2FrictionJoint.h">
      <Filter>Source Files\Box2d\Dynamics\Joints</Filter>
    </ClInclude>
    <ClInclude Include="..\..\Box2D\Box2D\Box2D\Dynamics\Joints\b2GearJoint.h">
      <Filter>Source Files\Box2d\Dynamics\Joints</Filter>
    </ClInclude>
    <ClInclude Include="..\..\Box2D\Box2D\Box2D\Dynamics\Joints\b2Joint.h">
      <Filter>Source Files\Box2d\Dynamics\Joints</Filter>
    </ClInclude>
    <ClInclude Include="..\..\Box2D\Box2D\Box2D\Dynamics\Joints\b2MotorJoint.h">
      <Filter>Source Files\Box2d\Dynamics\Joints</Filter>
    </ClInclude>
    <ClInclude Include="..\..\Box2D\Box2D\Box2D\Dynamics\Joints\b2MouseJoint.h">
      <Filter>Source Files\Box2d\Dynamics\Joints</Filter>
    </ClInclude>
    <ClInclude Include="..\..\Box2D\Box2D\Box2D\Dynamics\Joints\b2PrismaticJoint.h">
      <Filter>Source Files\Box2d\Dynamics\Joints</Filter>
    </ClInclude>
    <ClInclude Include="..\..\Box2D\Box2D\Box2D\Dynamics\Joints\b2PulleyJoint.h">
      <Filter>Source Files\Box2d\Dynamics\Joints</Filter>
    </ClInclude>
    <ClInclude Include="..\..\Box2D\Box2D\Box2D\Dynamics\Joints\b2RevoluteJoint.h">
      <Filter>Source Files\Box2d\Dynamics\Joints</Filter>
    </ClInclude>
    <ClInclude Include="..\..\Box2D\Box2D\Box2D\Dynamics\Joints\b2RopeJoint.h">
      <Filter>Source Files\Box2d\Dynamics\Joints</Filter>
    </ClInclude>
    <ClInclude Include="..\..\Box2D\Box2D\Box2D\Dynamics\Joints\b2WeldJoint.h">
      <Filter>Source Files\Box2d\Dynamics\Joints</Filter>
    </ClInclude>
    <ClInclude Include="..\..\Box2D\Box2D\Box2D\Dynamics\Joints\b2WheelJoint.h">
      <Filter>Source Files\Box2d\Dynamics\Joints</Filter>
    </ClInclude>
    <ClInclude Include="..\..\Box2D\Box2D\Box2D\Dynamics\b2Body.h">
      <Filter>Source Files\Box2d\Dynamics</Filter>
    </ClInclude>
    <ClInclude Include="..\..\Box2D\Box2D\Box2D\Dynamics\b2ContactManager.h">
      <Filter>Source Files\Box2d\Dynamics</Filter>
    </ClInclude>
    <ClInclude Include="..\..\Box2D\Box2D\Box2D\Dynamics\b2Fixture.h">
      <Filter>Source Files\Box2d\Dynamics</Filter>
    </ClInclude>
    <ClInclude Include="..\..\Box2D\Box2D\Box2D\Dynamics\b2Island.h">
      <Filter>Source Files\Box2d\Dynamics</Filter>
    </ClInclude>
    <ClInclude Include="..\..\Box2D\Box2D\Box2D\Dynamics\b2TimeStep.h">
      <Filter>Source Files\Box2d\Dynamics</Filter>
    </ClInclude>
    <ClInclude Include="..\..\Box2D\Box2D\Box2D\Dynamics\b2World.h">
      <Filter>Source Files\Box2d\Dynamics</Filter>
    </ClInclude>
    <ClInclude Include="..\..\Box2D\Box2D\Box2D\Dynamics\b2WorldCallbacks.h">
      <Filter>Source Files\Box2d\Dynamics</Filter>
    </ClInclude>
    <ClInclude Include="..\..\Box2D\Box2D\Box2D\Rope\b2Rope.h">
      <Filter>Source Files\Box2d\Rope</Filter>
    </ClInclude>
    <ClInclude Include="..\..\Box2D\Box2D\Box2D\Box2D.h">
      <Filter>Source Files\Box2d</Filter>
    </ClInclude>
    <ClInclude Include="..\src\physdispconvert.h">
      <Filter>Header Files</Filter>
    </ClInclude>
    <ClInclude Include="..\src\scales.h">
      <Filter>Header Files</Filter>
    </ClInclude>
    <ClInclude Include="..\src\leapfrog.h">
      <Filter>Header Files</Filter>
    </ClInclude>
    <ClInclude Include="..\src\landingactor.h">
      <Filter>Header Files</Filter>
    </ClInclude>
    <ClInclude Include="..\src\static.h">
      <Filter>Header Files</Filter>
    </ClInclude>
    <ClInclude Include="..\src\mainactor.h">
      <Filter>Header Files</Filter>
    </ClInclude>
    <ClInclude Include="..\src\sceneactor.h">
      <Filter>Header Files</Filter>
    </ClInclude>
    <ClInclude Include="..\src\freespaceactor.h">
      <Filter>Header Files</Filter>
    </ClInclude>
    <ClInclude Include="..\src\softboundary.h">
      <Filter>Header Files</Filter>
    </ClInclude>
    <ClInclude Include="..\src\bullet.h">
      <Filter>Header Files</Filter>
    </ClInclude>
    <ClInclude Include="..\src\gun.h">
      <Filter>Header Files</Filter>
    </ClInclude>
    <ClInclude Include="..\src\collisionentity.h">
      <Filter>Header Files</Filter>
    </ClInclude>
    <ClInclude Include="..\src\freespacecontactlistener.h">
      <Filter>Header Files</Filter>
    </ClInclude>
    <ClInclude Include="..\src\actortodie.h">
      <Filter>Header Files</Filter>
    </ClInclude>
    <ClInclude Include="..\src\shield.h">
      <Filter>Header Files</Filter>
    </ClInclude>
    <ClInclude Include="..\src\marker.h">
      <Filter>Header Files</Filter>
    </ClInclude>
    <ClInclude Include="..\src\planetactor.h">
      <Filter>Header Files</Filter>
    </ClInclude>
    <ClInclude Include="..\src\reentrysceneactor.h">
      <Filter>Header Files</Filter>
    </ClInclude>
    <ClInclude Include="..\src\blastparticle.h">
      <Filter>Particles</Filter>
    </ClInclude>
    <ClInclude Include="..\src\blastemitter.h">
      <Filter>Particles</Filter>
    </ClInclude>
    <ClInclude Include="..\src\flameemitter.h">
      <Filter>Particles</Filter>
    </ClInclude>
    <ClInclude Include="..\src\flameparticle.h">
      <Filter>Particles</Filter>
    </ClInclude>
    <ClInclude Include="..\src\smokeparticle.h">
      <Filter>Particles</Filter>
    </ClInclude>
    <ClInclude Include="..\src\reentryflameparticle.h">
      <Filter>Particles</Filter>
    </ClInclude>
    <ClInclude Include="..\src\reentryflameemitter.h">
      <Filter>Particles</Filter>
    </ClInclude>
    <ClInclude Include="..\src\compoundobject.h">
      <Filter>Header Files</Filter>
    </ClInclude>
    <ClInclude Include="..\src\polygonvertices.h">
      <Filter>Header Files</Filter>
    </ClInclude>
    <ClInclude Include="..\src\launchsite.h">
      <Filter>Header Files</Filter>
    </ClInclude>
    <ClInclude Include="..\src\compoundinterface.h">
      <Filter>Header Files</Filter>
    </ClInclude>
    <ClInclude Include="..\src\leapfrogevents.h">
      <Filter>Header Files</Filter>
    </ClInclude>
    <ClInclude Include="..\src\landercontactlistener.h">
      <Filter>Header Files</Filter>
    </ClInclude>
    <ClInclude Include="..\src\landingpad.h">
      <Filter>Header Files</Filter>
    </ClInclude>
    <ClInclude Include="..\src\landingpadevents.h">
      <Filter>Header Files</Filter>
    </ClInclude>
    <ClInclude Include="..\src\launchsiteevents.h">
      <Filter>Header Files</Filter>
    </ClInclude>
    <ClInclude Include="..\src\flamesmokeparticle.h">
      <Filter>Particles</Filter>
    </ClInclude>
    <ClInclude Include="..\src\landingactorevents.h">
      <Filter>Header Files</Filter>
    </ClInclude>
    <ClInclude Include="..\src\deepspacesceneevents.h">
      <Filter>Header Files</Filter>
    </ClInclude>
    <ClInclude Include="..\src\orbitwindow.h">
      <Filter>Header Files</Filter>
    </ClInclude>
    <ClInclude Include="..\src\orbitscene.h">
      <Filter>Header Files</Filter>
    </ClInclude>
    <ClInclude Include="..\src\orbitspacescene.h">
      <Filter>Header Files</Filter>
    </ClInclude>
    <ClInclude Include="..\src\orbitspacesceneevents.h">
      <Filter>Header Files</Filter>
    </ClInclude>
    <ClInclude Include="..\src\orbitsceneevents.h">
      <Filter>Header Files</Filter>
    </ClInclude>
    <ClInclude Include="..\src\objectfactory.h">
      <Filter>Header Files</Filter>
    </ClInclude>
    <ClInclude Include="..\src\layout.h">
      <Filter>Header Files</Filter>
    </ClInclude>
    <ClInclude Include="..\src\statusbar.h">
      <Filter>Header Files</Filter>
    </ClInclude>
    <ClInclude Include="..\src\gamestatus.h">
      <Filter>Header Files</Filter>
    </ClInclude>
    <ClInclude Include="..\src\gamestatusevents.h">
      <Filter>Header Files</Filter>
    </ClInclude>
    <ClInclude Include="..\src\hammer.h">
      <Filter>Header Files</Filter>
    </ClInclude>
    <ClInclude Include="..\src\steeringmanager.h">
      <Filter>Header Files</Filter>
    </ClInclude>
    <ClInclude Include="..\src\steeringinterface.h">
      <Filter>Header Files</Filter>
    </ClInclude>
    <ClInclude Include="..\src\objectproperty.h">
      <Filter>Header Files</Filter>
    </ClInclude>
    <ClInclude Include="..\src\system.h">
      <Filter>Header Files</Filter>
    </ClInclude>
    <ClInclude Include="..\src\breakableobject.h">
      <Filter>Header Files</Filter>
    </ClInclude>
    <ClInclude Include="..\src\spawnobject.h">
      <Filter>Header Files</Filter>
    </ClInclude>
  </ItemGroup>
</Project>